
Microsoft Visual Studio Solution File, Format Version 12.00
# Visual Studio 15
VisualStudioVersion = 15.0.28307.136
MinimumVisualStudioVersion = 10.0.40219.1
Project("{FAE04EC0-301F-11D3-BF4B-00C04F79EFBC}") = "ExzamenVS", "ExzamenVS\ExzamenVS.csproj", "{EE742CCE-9453-428A-BE9E-D99AF3D872B9}"
EndProject
Global
	GlobalSection(SolutionConfigurationPlatforms) = preSolution
		Debug|Any CPU = Debug|Any CPU
		Release|Any CPU = Release|Any CPU
	EndGlobalSection
	GlobalSection(ProjectConfigurationPlatforms) = postSolution
		{EE742CCE-9453-428A-BE9E-D99AF3D872B9}.Debug|Any CPU.ActiveCfg = Debug|Any CPU
		{EE742CCE-9453-428A-BE9E-D99AF3D872B9}.Debug|Any CPU.Build.0 = Debug|Any CPU
		{EE742CCE-9453-428A-BE9E-D99AF3D872B9}.Release|Any CPU.ActiveCfg = Release|Any CPU
		{EE742CCE-9453-428A-BE9E-D99AF3D872B9}.Release|Any CPU.Build.0 = Release|Any CPU
	EndGlobalSection
	GlobalSection(SolutionProperties) = preSolution
		HideSolutionNode = FALSE
	EndGlobalSection
	GlobalSection(ExtensibilityGlobals) = postSolution
		SolutionGuid = {684717DC-9CE6-47C8-8465-566069FF4913}
	EndGlobalSection
EndGlobal
